
Microsoft Visual Studio Solution File, Format Version 12.00
# Visual Studio 14
VisualStudioVersion = 14.0.25420.1
MinimumVisualStudioVersion = 10.0.40219.1
Project("{FAE04EC0-301F-11D3-BF4B-00C04F79EFBC}") = "StarMap", "StarMap\StarMap.csproj", "{03831032-FC13-4C3D-8662-3683C8BDD48E}"
EndProject
Project("{FAE04EC0-301F-11D3-BF4B-00C04F79EFBC}") = "StarMapTests", "StarMapTests\StarMapTests.csproj", "{AB386D2C-C704-4276-9389-8E3ED2137036}"
EndProject
Global
	GlobalSection(SolutionConfigurationPlatforms) = preSolution
		Debug|Any CPU = Debug|Any CPU
		Release|Any CPU = Release|Any CPU
	EndGlobalSection
	GlobalSection(ProjectConfigurationPlatforms) = postSolution
		{03831032-FC13-4C3D-8662-3683C8BDD48E}.Debug|Any CPU.ActiveCfg = Debug|Any CPU
		{03831032-FC13-4C3D-8662-3683C8BDD48E}.Debug|Any CPU.Build.0 = Debug|Any CPU
		{03831032-FC13-4C3D-8662-3683C8BDD48E}.Release|Any CPU.ActiveCfg = Release|Any CPU
		{03831032-FC13-4C3D-8662-3683C8BDD48E}.Release|Any CPU.Build.0 = Release|Any CPU
		{AB386D2C-C704-4276-9389-8E3ED2137036}.Debug|Any CPU.ActiveCfg = Debug|Any CPU
		{AB386D2C-C704-4276-9389-8E3ED2137036}.Debug|Any CPU.Build.0 = Debug|Any CPU
		{AB386D2C-C704-4276-9389-8E3ED2137036}.Release|Any CPU.ActiveCfg = Release|Any CPU
		{AB386D2C-C704-4276-9389-8E3ED2137036}.Release|Any CPU.Build.0 = Release|Any CPU
	EndGlobalSection
	GlobalSection(SolutionProperties) = preSolution
		HideSolutionNode = FALSE
	EndGlobalSection
EndGlobal
